# This file is automatically @generated by Cargo.
# It is not intended for manual editing.
version = 4

[[package]]
name = "kacrab"
version = "0.1.0"

[[package]]
name = "kacrab-benches"
version = "0.0.0"

[[package]]
name = "kacrab-examples"
version = "0.0.0"

[[package]]
name = "kacrab-macros"
version = "0.1.0"

[[package]]
name = "kacrab-test"
version = "0.1.0"

[[package]]
name = "kacrab-tests-integration"
version = "0.0.0"

[[package]]
name = "kacrab-util"
version = "0.1.0"
